
Microsoft Visual Studio Solution File, Format Version 12.00
# Visual Studio Version 16
VisualStudioVersion = 16.0.31515.178
MinimumVisualStudioVersion = 10.0.40219.1
Project("{9A19103F-16F7-4668-BE54-9A1E7A4F7556}") = "BlazorApp.Server", "BlazorApp\Server\BlazorApp.Server.csproj", "{A768D6D2-C89F-481E-9AE6-4E4CC9BCCC34}"
EndProject
Project("{9A19103F-16F7-4668-BE54-9A1E7A4F7556}") = "BlazorApp.Client", "BlazorApp\Client\BlazorApp.Client.csproj", "{AB7B4161-5A3F-40DC-8111-D7348C6DF267}"
EndProject
Project("{9A19103F-16F7-4668-BE54-9A1E7A4F7556}") = "BlazorApp.Shared", "BlazorApp\Shared\BlazorApp.Shared.csproj", "{AF75147F-9CEF-4363-AAB5-098927A9DC98}"
EndProject
Global
	GlobalSection(SolutionConfigurationPlatforms) = preSolution
		Debug|Any CPU = Debug|Any CPU
		Release|Any CPU = Release|Any CPU
	EndGlobalSection
	GlobalSection(ProjectConfigurationPlatforms) = postSolution
		{A768D6D2-C89F-481E-9AE6-4E4CC9BCCC34}.Debug|Any CPU.ActiveCfg = Debug|Any CPU
		{A768D6D2-C89F-481E-9AE6-4E4CC9BCCC34}.Debug|Any CPU.Build.0 = Debug|Any CPU
		{A768D6D2-C89F-481E-9AE6-4E4CC9BCCC34}.Release|Any CPU.ActiveCfg = Release|Any CPU
		{A768D6D2-C89F-481E-9AE6-4E4CC9BCCC34}.Release|Any CPU.Build.0 = Release|Any CPU
		{AB7B4161-5A3F-40DC-8111-D7348C6DF267}.Debug|Any CPU.ActiveCfg = Debug|Any CPU
		{AB7B4161-5A3F-40DC-8111-D7348C6DF267}.Debug|Any CPU.Build.0 = Debug|Any CPU
		{AB7B4161-5A3F-40DC-8111-D7348C6DF267}.Release|Any CPU.ActiveCfg = Release|Any CPU
		{AB7B4161-5A3F-40DC-8111-D7348C6DF267}.Release|Any CPU.Build.0 = Release|Any CPU
		{AF75147F-9CEF-4363-AAB5-098927A9DC98}.Debug|Any CPU.ActiveCfg = Debug|Any CPU
		{AF75147F-9CEF-4363-AAB5-098927A9DC98}.Debug|Any CPU.Build.0 = Debug|Any CPU
		{AF75147F-9CEF-4363-AAB5-098927A9DC98}.Release|Any CPU.ActiveCfg = Release|Any CPU
		{AF75147F-9CEF-4363-AAB5-098927A9DC98}.Release|Any CPU.Build.0 = Release|Any CPU
	EndGlobalSection
	GlobalSection(SolutionProperties) = preSolution
		HideSolutionNode = FALSE
	EndGlobalSection
	GlobalSection(ExtensibilityGlobals) = postSolution
		SolutionGuid = {E40651E6-4E7E-41D0-B9AB-41F41189BF05}
	EndGlobalSection
EndGlobal
